
Microsoft Visual Studio Solution File, Format Version 12.00
# Visual Studio 2015
Project("{FAE04EC0-301F-11D3-BF4B-00C04F79EFBC}") = "HouseMadera.Plugins", "HouseMadera.Plugins.csproj", "{8D446539-8A6B-66D8-1873-F96AF772FA22}"
EndProject
Project("{FAE04EC0-301F-11D3-BF4B-00C04F79EFBC}") = "HouseMadera", "HouseMadera.csproj", "{86F96EC2-36E3-40CB-EE2B-6DC23E5B6F8C}"
EndProject
Project("{FAE04EC0-301F-11D3-BF4B-00C04F79EFBC}") = "HouseMadera.Editor", "HouseMadera.Editor.csproj", "{87F8D9F7-5D84-CF9E-12D5-297AA841FC41}"
EndProject
Global
	GlobalSection(SolutionConfigurationPlatforms) = preSolution
		Debug|Any CPU = Debug|Any CPU
		Release|Any CPU = Release|Any CPU
	EndGlobalSection
	GlobalSection(ProjectConfigurationPlatforms) = postSolution
		{8D446539-8A6B-66D8-1873-F96AF772FA22}.Debug|Any CPU.ActiveCfg = Debug|Any CPU
		{8D446539-8A6B-66D8-1873-F96AF772FA22}.Debug|Any CPU.Build.0 = Debug|Any CPU
		{8D446539-8A6B-66D8-1873-F96AF772FA22}.Release|Any CPU.ActiveCfg = Release|Any CPU
		{8D446539-8A6B-66D8-1873-F96AF772FA22}.Release|Any CPU.Build.0 = Release|Any CPU
		{86F96EC2-36E3-40CB-EE2B-6DC23E5B6F8C}.Debug|Any CPU.ActiveCfg = Debug|Any CPU
		{86F96EC2-36E3-40CB-EE2B-6DC23E5B6F8C}.Debug|Any CPU.Build.0 = Debug|Any CPU
		{86F96EC2-36E3-40CB-EE2B-6DC23E5B6F8C}.Release|Any CPU.ActiveCfg = Release|Any CPU
		{86F96EC2-36E3-40CB-EE2B-6DC23E5B6F8C}.Release|Any CPU.Build.0 = Release|Any CPU
		{87F8D9F7-5D84-CF9E-12D5-297AA841FC41}.Debug|Any CPU.ActiveCfg = Debug|Any CPU
		{87F8D9F7-5D84-CF9E-12D5-297AA841FC41}.Debug|Any CPU.Build.0 = Debug|Any CPU
		{87F8D9F7-5D84-CF9E-12D5-297AA841FC41}.Release|Any CPU.ActiveCfg = Release|Any CPU
		{87F8D9F7-5D84-CF9E-12D5-297AA841FC41}.Release|Any CPU.Build.0 = Release|Any CPU
	EndGlobalSection
	GlobalSection(SolutionProperties) = preSolution
		HideSolutionNode = FALSE
	EndGlobalSection
EndGlobal
